
Microsoft Visual Studio Solution File, Format Version 12.00
# Visual Studio 14
VisualStudioVersion = 14.0.22620.0
MinimumVisualStudioVersion = 10.0.40219.1
Project("{262852C6-CD72-467D-83FE-5EEB1973A190}") = "BackboneToDo", "BackboneTodo\BackboneToDo.jsproj", "{9705B719-5AC1-4647-BF04-5E4F7B68B037}"
EndProject
Global
	GlobalSection(SolutionConfigurationPlatforms) = preSolution
		Debug|Android = Debug|Android
		Debug|iOS = Debug|iOS
		Debug|Windows Phone = Debug|Windows Phone
		Debug|Windows Phone (Universal) = Debug|Windows Phone (Universal)
		Debug|Windows Phone 8 = Debug|Windows Phone 8
		Debug|Windows-AnyCPU = Debug|Windows-AnyCPU
		Debug|Windows-ARM = Debug|Windows-ARM
		Debug|Windows-x64 = Debug|Windows-x64
		Debug|Windows-x86 = Debug|Windows-x86
		Distribution|Android = Distribution|Android
		Distribution|iOS = Distribution|iOS
		Distribution|Windows Phone = Distribution|Windows Phone
		Distribution|Windows Phone (Universal) = Distribution|Windows Phone (Universal)
		Distribution|Windows Phone 8 = Distribution|Windows Phone 8
		Distribution|Windows-AnyCPU = Distribution|Windows-AnyCPU
		Distribution|Windows-ARM = Distribution|Windows-ARM
		Distribution|Windows-x64 = Distribution|Windows-x64
		Distribution|Windows-x86 = Distribution|Windows-x86
		Release|Android = Release|Android
		Release|iOS = Release|iOS
		Release|Windows Phone = Release|Windows Phone
		Release|Windows Phone (Universal) = Release|Windows Phone (Universal)
		Release|Windows Phone 8 = Release|Windows Phone 8
		Release|Windows-AnyCPU = Release|Windows-AnyCPU
		Release|Windows-ARM = Release|Windows-ARM
		Release|Windows-x64 = Release|Windows-x64
		Release|Windows-x86 = Release|Windows-x86
	EndGlobalSection
	GlobalSection(ProjectConfigurationPlatforms) = postSolution
		{9705B719-5AC1-4647-BF04-5E4F7B68B037}.Debug|Android.ActiveCfg = Debug|Android
		{9705B719-5AC1-4647-BF04-5E4F7B68B037}.Debug|Android.Build.0 = Debug|Android
		{9705B719-5AC1-4647-BF04-5E4F7B68B037}.Debug|Android.Deploy.0 = Debug|Android
		{9705B719-5AC1-4647-BF04-5E4F7B68B037}.Debug|iOS.ActiveCfg = Debug|iOS
		{9705B719-5AC1-4647-BF04-5E4F7B68B037}.Debug|iOS.Build.0 = Debug|iOS
		{9705B719-5AC1-4647-BF04-5E4F7B68B037}.Debug|iOS.Deploy.0 = Debug|iOS
		{9705B719-5AC1-4647-BF04-5E4F7B68B037}.Debug|Windows Phone.ActiveCfg = Debug|Windows Phone (Universal)
		{9705B719-5AC1-4647-BF04-5E4F7B68B037}.Debug|Windows Phone (Universal).ActiveCfg = Debug|Windows Phone (Universal)
		{9705B719-5AC1-4647-BF04-5E4F7B68B037}.Debug|Windows Phone (Universal).Build.0 = Debug|Windows Phone (Universal)
		{9705B719-5AC1-4647-BF04-5E4F7B68B037}.Debug|Windows Phone (Universal).Deploy.0 = Debug|Windows Phone (Universal)
		{9705B719-5AC1-4647-BF04-5E4F7B68B037}.Debug|Windows Phone 8.ActiveCfg = Debug|Windows Phone 8
		{9705B719-5AC1-4647-BF04-5E4F7B68B037}.Debug|Windows Phone 8.Build.0 = Debug|Windows Phone 8
		{9705B719-5AC1-4647-BF04-5E4F7B68B037}.Debug|Windows Phone 8.Deploy.0 = Debug|Windows Phone 8
		{9705B719-5AC1-4647-BF04-5E4F7B68B037}.Debug|Windows-AnyCPU.ActiveCfg = Debug|Windows-AnyCPU
		{9705B719-5AC1-4647-BF04-5E4F7B68B037}.Debug|Windows-AnyCPU.Build.0 = Debug|Windows-AnyCPU
		{9705B719-5AC1-4647-BF04-5E4F7B68B037}.Debug|Windows-AnyCPU.Deploy.0 = Debug|Windows-AnyCPU
		{9705B719-5AC1-4647-BF04-5E4F7B68B037}.Debug|Windows-ARM.ActiveCfg = Debug|Windows-ARM
		{9705B719-5AC1-4647-BF04-5E4F7B68B037}.Debug|Windows-ARM.Build.0 = Debug|Windows-ARM
		{9705B719-5AC1-4647-BF04-5E4F7B68B037}.Debug|Windows-ARM.Deploy.0 = Debug|Windows-ARM
		{9705B719-5AC1-4647-BF04-5E4F7B68B037}.Debug|Windows-x64.ActiveCfg = Debug|Windows-x64
		{9705B719-5AC1-4647-BF04-5E4F7B68B037}.Debug|Windows-x64.Build.0 = Debug|Windows-x64
		{9705B719-5AC1-4647-BF04-5E4F7B68B037}.Debug|Windows-x64.Deploy.0 = Debug|Windows-x64
		{9705B719-5AC1-4647-BF04-5E4F7B68B037}.Debug|Windows-x86.ActiveCfg = Debug|Windows-x86
		{9705B719-5AC1-4647-BF04-5E4F7B68B037}.Debug|Windows-x86.Build.0 = Debug|Windows-x86
		{9705B719-5AC1-4647-BF04-5E4F7B68B037}.Debug|Windows-x86.Deploy.0 = Debug|Windows-x86
		{9705B719-5AC1-4647-BF04-5E4F7B68B037}.Distribution|Android.ActiveCfg = Debug|Android
		{9705B719-5AC1-4647-BF04-5E4F7B68B037}.Distribution|Android.Build.0 = Debug|Android
		{9705B719-5AC1-4647-BF04-5E4F7B68B037}.Distribution|Android.Deploy.0 = Debug|Android
		{9705B719-5AC1-4647-BF04-5E4F7B68B037}.Distribution|iOS.ActiveCfg = Debug|iOS
		{9705B719-5AC1-4647-BF04-5E4F7B68B037}.Distribution|iOS.Build.0 = Debug|iOS
		{9705B719-5AC1-4647-BF04-5E4F7B68B037}.Distribution|iOS.Deploy.0 = Debug|iOS
		{9705B719-5AC1-4647-BF04-5E4F7B68B037}.Distribution|Windows Phone.ActiveCfg = Release|Android
		{9705B719-5AC1-4647-BF04-5E4F7B68B037}.Distribution|Windows Phone.Build.0 = Release|Android
		{9705B719-5AC1-4647-BF04-5E4F7B68B037}.Distribution|Windows Phone.Deploy.0 = Release|Android
		{9705B719-5AC1-4647-BF04-5E4F7B68B037}.Distribution|Windows Phone (Universal).ActiveCfg = Debug|Windows Phone (Universal)
		{9705B719-5AC1-4647-BF04-5E4F7B68B037}.Distribution|Windows Phone (Universal).Build.0 = Debug|Windows Phone (Universal)
		{9705B719-5AC1-4647-BF04-5E4F7B68B037}.Distribution|Windows Phone (Universal).Deploy.0 = Debug|Windows Phone (Universal)
		{9705B719-5AC1-4647-BF04-5E4F7B68B037}.Distribution|Windows Phone 8.ActiveCfg = Debug|Windows Phone 8
		{9705B719-5AC1-4647-BF04-5E4F7B68B037}.Distribution|Windows Phone 8.Build.0 = Debug|Windows Phone 8
		{9705B719-5AC1-4647-BF04-5E4F7B68B037}.Distribution|Windows Phone 8.Deploy.0 = Debug|Windows Phone 8
		{9705B719-5AC1-4647-BF04-5E4F7B68B037}.Distribution|Windows-AnyCPU.ActiveCfg = Debug|Windows-AnyCPU
		{9705B719-5AC1-4647-BF04-5E4F7B68B037}.Distribution|Windows-AnyCPU.Build.0 = Debug|Windows-AnyCPU
		{9705B719-5AC1-4647-BF04-5E4F7B68B037}.Distribution|Windows-AnyCPU.Deploy.0 = Debug|Windows-AnyCPU
		{9705B719-5AC1-4647-BF04-5E4F7B68B037}.Distribution|Windows-ARM.ActiveCfg = Debug|Windows-ARM
		{9705B719-5AC1-4647-BF04-5E4F7B68B037}.Distribution|Windows-ARM.Build.0 = Debug|Windows-ARM
		{9705B719-5AC1-4647-BF04-5E4F7B68B037}.Distribution|Windows-ARM.Deploy.0 = Debug|Windows-ARM
		{9705B719-5AC1-4647-BF04-5E4F7B68B037}.Distribution|Windows-x64.ActiveCfg = Debug|Windows-x64
		{9705B719-5AC1-4647-BF04-5E4F7B68B037}.Distribution|Windows-x64.Build.0 = Debug|Windows-x64
		{9705B719-5AC1-4647-BF04-5E4F7B68B037}.Distribution|Windows-x64.Deploy.0 = Debug|Windows-x64
		{9705B719-5AC1-4647-BF04-5E4F7B68B037}.Distribution|Windows-x86.ActiveCfg = Debug|Windows-x86
		{9705B719-5AC1-4647-BF04-5E4F7B68B037}.Distribution|Windows-x86.Build.0 = Debug|Windows-x86
		{9705B719-5AC1-4647-BF04-5E4F7B68B037}.Distribution|Windows-x86.Deploy.0 = Debug|Windows-x86
		{9705B719-5AC1-4647-BF04-5E4F7B68B037}.Release|Android.ActiveCfg = Release|Android
		{9705B719-5AC1-4647-BF04-5E4F7B68B037}.Release|Android.Build.0 = Release|Android
		{9705B719-5AC1-4647-BF04-5E4F7B68B037}.Release|Android.Deploy.0 = Release|Android
		{9705B719-5AC1-4647-BF04-5E4F7B68B037}.Release|iOS.ActiveCfg = Release|iOS
		{9705B719-5AC1-4647-BF04-5E4F7B68B037}.Release|iOS.Build.0 = Release|iOS
		{9705B719-5AC1-4647-BF04-5E4F7B68B037}.Release|iOS.Deploy.0 = Release|iOS
		{9705B719-5AC1-4647-BF04-5E4F7B68B037}.Release|Windows Phone.ActiveCfg = Release|Windows Phone (Universal)
		{9705B719-5AC1-4647-BF04-5E4F7B68B037}.Release|Windows Phone (Universal).ActiveCfg = Release|Windows Phone (Universal)
		{9705B719-5AC1-4647-BF04-5E4F7B68B037}.Release|Windows Phone (Universal).Build.0 = Release|Windows Phone (Universal)
		{9705B719-5AC1-4647-BF04-5E4F7B68B037}.Release|Windows Phone (Universal).Deploy.0 = Release|Windows Phone (Universal)
		{9705B719-5AC1-4647-BF04-5E4F7B68B037}.Release|Windows Phone 8.ActiveCfg = Release|Windows Phone 8
		{9705B719-5AC1-4647-BF04-5E4F7B68B037}.Release|Windows Phone 8.Build.0 = Release|Windows Phone 8
		{9705B719-5AC1-4647-BF04-5E4F7B68B037}.Release|Windows Phone 8.Deploy.0 = Release|Windows Phone 8
		{9705B719-5AC1-4647-BF04-5E4F7B68B037}.Release|Windows-AnyCPU.ActiveCfg = Release|Windows-AnyCPU
		{9705B719-5AC1-4647-BF04-5E4F7B68B037}.Release|Windows-AnyCPU.Build.0 = Release|Windows-AnyCPU
		{9705B719-5AC1-4647-BF04-5E4F7B68B037}.Release|Windows-AnyCPU.Deploy.0 = Release|Windows-AnyCPU
		{9705B719-5AC1-4647-BF04-5E4F7B68B037}.Release|Windows-ARM.ActiveCfg = Release|Windows-ARM
		{9705B719-5AC1-4647-BF04-5E4F7B68B037}.Release|Windows-ARM.Build.0 = Release|Windows-ARM
		{9705B719-5AC1-4647-BF04-5E4F7B68B037}.Release|Windows-ARM.Deploy.0 = Release|Windows-ARM
		{9705B719-5AC1-4647-BF04-5E4F7B68B037}.Release|Windows-x64.ActiveCfg = Release|Windows-x64
		{9705B719-5AC1-4647-BF04-5E4F7B68B037}.Release|Windows-x64.Build.0 = Release|Windows-x64
		{9705B719-5AC1-4647-BF04-5E4F7B68B037}.Release|Windows-x64.Deploy.0 = Release|Windows-x64
		{9705B719-5AC1-4647-BF04-5E4F7B68B037}.Release|Windows-x86.ActiveCfg = Release|Windows-x86
		{9705B719-5AC1-4647-BF04-5E4F7B68B037}.Release|Windows-x86.Build.0 = Release|Windows-x86
		{9705B719-5AC1-4647-BF04-5E4F7B68B037}.Release|Windows-x86.Deploy.0 = Release|Windows-x86
	EndGlobalSection
	GlobalSection(SolutionProperties) = preSolution
		HideSolutionNode = FALSE
	EndGlobalSection
EndGlobal
