
Microsoft Visual Studio Solution File, Format Version 12.00
# Visual Studio 14
VisualStudioVersion = 14.0.22716.0
MinimumVisualStudioVersion = 10.0.40219.1
Project("{262852C6-CD72-467D-83FE-5EEB1973A190}") = "WinJsTodo", "WinJsTodo\WinJsTodo.jsproj", "{F758A60E-F1E8-4993-89BD-FE483AE97CCB}"
EndProject
Global
	GlobalSection(SolutionConfigurationPlatforms) = preSolution
		Debug|Android = Debug|Android
		Debug|iOS = Debug|iOS
		Debug|Windows Phone = Debug|Windows Phone
		Debug|Windows Phone (Universal) = Debug|Windows Phone (Universal)
		Debug|Windows Phone 8 = Debug|Windows Phone 8
		Debug|Windows-AnyCPU = Debug|Windows-AnyCPU
		Debug|Windows-ARM = Debug|Windows-ARM
		Debug|Windows-x64 = Debug|Windows-x64
		Debug|Windows-x86 = Debug|Windows-x86
		Distribution|Android = Distribution|Android
		Distribution|iOS = Distribution|iOS
		Distribution|Windows Phone = Distribution|Windows Phone
		Distribution|Windows Phone (Universal) = Distribution|Windows Phone (Universal)
		Distribution|Windows Phone 8 = Distribution|Windows Phone 8
		Distribution|Windows-AnyCPU = Distribution|Windows-AnyCPU
		Distribution|Windows-ARM = Distribution|Windows-ARM
		Distribution|Windows-x64 = Distribution|Windows-x64
		Distribution|Windows-x86 = Distribution|Windows-x86
		Release|Android = Release|Android
		Release|iOS = Release|iOS
		Release|Windows Phone = Release|Windows Phone
		Release|Windows Phone (Universal) = Release|Windows Phone (Universal)
		Release|Windows Phone 8 = Release|Windows Phone 8
		Release|Windows-AnyCPU = Release|Windows-AnyCPU
		Release|Windows-ARM = Release|Windows-ARM
		Release|Windows-x64 = Release|Windows-x64
		Release|Windows-x86 = Release|Windows-x86
	EndGlobalSection
	GlobalSection(ProjectConfigurationPlatforms) = postSolution
		{0E184255-F343-4DD9-B86B-3DE65F15E579}.Debug|Android.ActiveCfg = Debug|Android
		{0E184255-F343-4DD9-B86B-3DE65F15E579}.Debug|Android.Build.0 = Debug|Android
		{0E184255-F343-4DD9-B86B-3DE65F15E579}.Debug|Android.Deploy.0 = Debug|Android
		{0E184255-F343-4DD9-B86B-3DE65F15E579}.Debug|iOS.ActiveCfg = Debug|iOS
		{0E184255-F343-4DD9-B86B-3DE65F15E579}.Debug|iOS.Build.0 = Debug|iOS
		{0E184255-F343-4DD9-B86B-3DE65F15E579}.Debug|iOS.Deploy.0 = Debug|iOS
		{0E184255-F343-4DD9-B86B-3DE65F15E579}.Debug|Windows Phone.ActiveCfg = Debug|Windows Phone
		{0E184255-F343-4DD9-B86B-3DE65F15E579}.Debug|Windows Phone.Build.0 = Debug|Windows Phone
		{0E184255-F343-4DD9-B86B-3DE65F15E579}.Debug|Windows Phone.Deploy.0 = Debug|Windows Phone
		{0E184255-F343-4DD9-B86B-3DE65F15E579}.Debug|Windows Phone (Universal).ActiveCfg = Debug|Windows Phone
		{0E184255-F343-4DD9-B86B-3DE65F15E579}.Debug|Windows Phone 8.ActiveCfg = Debug|Windows Phone
		{0E184255-F343-4DD9-B86B-3DE65F15E579}.Debug|Windows-AnyCPU.ActiveCfg = Debug|Windows-AnyCPU
		{0E184255-F343-4DD9-B86B-3DE65F15E579}.Debug|Windows-AnyCPU.Build.0 = Debug|Windows-AnyCPU
		{0E184255-F343-4DD9-B86B-3DE65F15E579}.Debug|Windows-AnyCPU.Deploy.0 = Debug|Windows-AnyCPU
		{0E184255-F343-4DD9-B86B-3DE65F15E579}.Debug|Windows-ARM.ActiveCfg = Debug|Windows-ARM
		{0E184255-F343-4DD9-B86B-3DE65F15E579}.Debug|Windows-ARM.Build.0 = Debug|Windows-ARM
		{0E184255-F343-4DD9-B86B-3DE65F15E579}.Debug|Windows-ARM.Deploy.0 = Debug|Windows-ARM
		{0E184255-F343-4DD9-B86B-3DE65F15E579}.Debug|Windows-x64.ActiveCfg = Debug|Windows-x64
		{0E184255-F343-4DD9-B86B-3DE65F15E579}.Debug|Windows-x64.Build.0 = Debug|Windows-x64
		{0E184255-F343-4DD9-B86B-3DE65F15E579}.Debug|Windows-x64.Deploy.0 = Debug|Windows-x64
		{0E184255-F343-4DD9-B86B-3DE65F15E579}.Debug|Windows-x86.ActiveCfg = Debug|Windows-x86
		{0E184255-F343-4DD9-B86B-3DE65F15E579}.Debug|Windows-x86.Build.0 = Debug|Windows-x86
		{0E184255-F343-4DD9-B86B-3DE65F15E579}.Debug|Windows-x86.Deploy.0 = Debug|Windows-x86
		{0E184255-F343-4DD9-B86B-3DE65F15E579}.Distribution|Android.ActiveCfg = Distribution|Android
		{0E184255-F343-4DD9-B86B-3DE65F15E579}.Distribution|Android.Build.0 = Distribution|Android
		{0E184255-F343-4DD9-B86B-3DE65F15E579}.Distribution|Android.Deploy.0 = Distribution|Android
		{0E184255-F343-4DD9-B86B-3DE65F15E579}.Distribution|iOS.ActiveCfg = Distribution|iOS
		{0E184255-F343-4DD9-B86B-3DE65F15E579}.Distribution|iOS.Build.0 = Distribution|iOS
		{0E184255-F343-4DD9-B86B-3DE65F15E579}.Distribution|iOS.Deploy.0 = Distribution|iOS
		{0E184255-F343-4DD9-B86B-3DE65F15E579}.Distribution|Windows Phone.ActiveCfg = Distribution|Windows Phone
		{0E184255-F343-4DD9-B86B-3DE65F15E579}.Distribution|Windows Phone.Build.0 = Distribution|Windows Phone
		{0E184255-F343-4DD9-B86B-3DE65F15E579}.Distribution|Windows Phone.Deploy.0 = Distribution|Windows Phone
		{0E184255-F343-4DD9-B86B-3DE65F15E579}.Distribution|Windows Phone (Universal).ActiveCfg = Distribution|Windows Phone
		{0E184255-F343-4DD9-B86B-3DE65F15E579}.Distribution|Windows Phone 8.ActiveCfg = Distribution|Windows Phone
		{0E184255-F343-4DD9-B86B-3DE65F15E579}.Distribution|Windows-AnyCPU.ActiveCfg = Distribution|Windows-AnyCPU
		{0E184255-F343-4DD9-B86B-3DE65F15E579}.Distribution|Windows-AnyCPU.Build.0 = Distribution|Windows-AnyCPU
		{0E184255-F343-4DD9-B86B-3DE65F15E579}.Distribution|Windows-AnyCPU.Deploy.0 = Distribution|Windows-AnyCPU
		{0E184255-F343-4DD9-B86B-3DE65F15E579}.Distribution|Windows-ARM.ActiveCfg = Distribution|Windows-ARM
		{0E184255-F343-4DD9-B86B-3DE65F15E579}.Distribution|Windows-ARM.Build.0 = Distribution|Windows-ARM
		{0E184255-F343-4DD9-B86B-3DE65F15E579}.Distribution|Windows-ARM.Deploy.0 = Distribution|Windows-ARM
		{0E184255-F343-4DD9-B86B-3DE65F15E579}.Distribution|Windows-x64.ActiveCfg = Distribution|Windows-x64
		{0E184255-F343-4DD9-B86B-3DE65F15E579}.Distribution|Windows-x64.Build.0 = Distribution|Windows-x64
		{0E184255-F343-4DD9-B86B-3DE65F15E579}.Distribution|Windows-x64.Deploy.0 = Distribution|Windows-x64
		{0E184255-F343-4DD9-B86B-3DE65F15E579}.Distribution|Windows-x86.ActiveCfg = Distribution|Windows-x86
		{0E184255-F343-4DD9-B86B-3DE65F15E579}.Distribution|Windows-x86.Build.0 = Distribution|Windows-x86
		{0E184255-F343-4DD9-B86B-3DE65F15E579}.Distribution|Windows-x86.Deploy.0 = Distribution|Windows-x86
		{0E184255-F343-4DD9-B86B-3DE65F15E579}.Release|Android.ActiveCfg = Release|Android
		{0E184255-F343-4DD9-B86B-3DE65F15E579}.Release|Android.Build.0 = Release|Android
		{0E184255-F343-4DD9-B86B-3DE65F15E579}.Release|Android.Deploy.0 = Release|Android
		{0E184255-F343-4DD9-B86B-3DE65F15E579}.Release|iOS.ActiveCfg = Release|iOS
		{0E184255-F343-4DD9-B86B-3DE65F15E579}.Release|iOS.Build.0 = Release|iOS
		{0E184255-F343-4DD9-B86B-3DE65F15E579}.Release|iOS.Deploy.0 = Release|iOS
		{0E184255-F343-4DD9-B86B-3DE65F15E579}.Release|Windows Phone.ActiveCfg = Release|Windows Phone
		{0E184255-F343-4DD9-B86B-3DE65F15E579}.Release|Windows Phone.Build.0 = Release|Windows Phone
		{0E184255-F343-4DD9-B86B-3DE65F15E579}.Release|Windows Phone.Deploy.0 = Release|Windows Phone
		{0E184255-F343-4DD9-B86B-3DE65F15E579}.Release|Windows Phone (Universal).ActiveCfg = Release|Windows Phone
		{0E184255-F343-4DD9-B86B-3DE65F15E579}.Release|Windows Phone 8.ActiveCfg = Release|Windows Phone
		{0E184255-F343-4DD9-B86B-3DE65F15E579}.Release|Windows-AnyCPU.ActiveCfg = Release|Windows-AnyCPU
		{0E184255-F343-4DD9-B86B-3DE65F15E579}.Release|Windows-AnyCPU.Build.0 = Release|Windows-AnyCPU
		{0E184255-F343-4DD9-B86B-3DE65F15E579}.Release|Windows-AnyCPU.Deploy.0 = Release|Windows-AnyCPU
		{0E184255-F343-4DD9-B86B-3DE65F15E579}.Release|Windows-ARM.ActiveCfg = Release|Windows-ARM
		{0E184255-F343-4DD9-B86B-3DE65F15E579}.Release|Windows-ARM.Build.0 = Release|Windows-ARM
		{0E184255-F343-4DD9-B86B-3DE65F15E579}.Release|Windows-ARM.Deploy.0 = Release|Windows-ARM
		{0E184255-F343-4DD9-B86B-3DE65F15E579}.Release|Windows-x64.ActiveCfg = Release|Windows-x64
		{0E184255-F343-4DD9-B86B-3DE65F15E579}.Release|Windows-x64.Build.0 = Release|Windows-x64
		{0E184255-F343-4DD9-B86B-3DE65F15E579}.Release|Windows-x64.Deploy.0 = Release|Windows-x64
		{0E184255-F343-4DD9-B86B-3DE65F15E579}.Release|Windows-x86.ActiveCfg = Release|Windows-x86
		{0E184255-F343-4DD9-B86B-3DE65F15E579}.Release|Windows-x86.Build.0 = Release|Windows-x86
		{0E184255-F343-4DD9-B86B-3DE65F15E579}.Release|Windows-x86.Deploy.0 = Release|Windows-x86
		{F758A60E-F1E8-4993-89BD-FE483AE97CCB}.Debug|Android.ActiveCfg = Debug|Android
		{F758A60E-F1E8-4993-89BD-FE483AE97CCB}.Debug|Android.Build.0 = Debug|Android
		{F758A60E-F1E8-4993-89BD-FE483AE97CCB}.Debug|Android.Deploy.0 = Debug|Android
		{F758A60E-F1E8-4993-89BD-FE483AE97CCB}.Debug|iOS.ActiveCfg = Debug|iOS
		{F758A60E-F1E8-4993-89BD-FE483AE97CCB}.Debug|iOS.Build.0 = Debug|iOS
		{F758A60E-F1E8-4993-89BD-FE483AE97CCB}.Debug|iOS.Deploy.0 = Debug|iOS
		{F758A60E-F1E8-4993-89BD-FE483AE97CCB}.Debug|Windows Phone.ActiveCfg = Debug|Windows Phone (Universal)
		{F758A60E-F1E8-4993-89BD-FE483AE97CCB}.Debug|Windows Phone (Universal).ActiveCfg = Debug|Windows Phone (Universal)
		{F758A60E-F1E8-4993-89BD-FE483AE97CCB}.Debug|Windows Phone (Universal).Build.0 = Debug|Windows Phone (Universal)
		{F758A60E-F1E8-4993-89BD-FE483AE97CCB}.Debug|Windows Phone (Universal).Deploy.0 = Debug|Windows Phone (Universal)
		{F758A60E-F1E8-4993-89BD-FE483AE97CCB}.Debug|Windows Phone 8.ActiveCfg = Debug|Windows Phone 8
		{F758A60E-F1E8-4993-89BD-FE483AE97CCB}.Debug|Windows Phone 8.Build.0 = Debug|Windows Phone 8
		{F758A60E-F1E8-4993-89BD-FE483AE97CCB}.Debug|Windows Phone 8.Deploy.0 = Debug|Windows Phone 8
		{F758A60E-F1E8-4993-89BD-FE483AE97CCB}.Debug|Windows-AnyCPU.ActiveCfg = Debug|Windows-AnyCPU
		{F758A60E-F1E8-4993-89BD-FE483AE97CCB}.Debug|Windows-AnyCPU.Build.0 = Debug|Windows-AnyCPU
		{F758A60E-F1E8-4993-89BD-FE483AE97CCB}.Debug|Windows-AnyCPU.Deploy.0 = Debug|Windows-AnyCPU
		{F758A60E-F1E8-4993-89BD-FE483AE97CCB}.Debug|Windows-ARM.ActiveCfg = Debug|Windows-ARM
		{F758A60E-F1E8-4993-89BD-FE483AE97CCB}.Debug|Windows-ARM.Build.0 = Debug|Windows-ARM
		{F758A60E-F1E8-4993-89BD-FE483AE97CCB}.Debug|Windows-ARM.Deploy.0 = Debug|Windows-ARM
		{F758A60E-F1E8-4993-89BD-FE483AE97CCB}.Debug|Windows-x64.ActiveCfg = Debug|Windows-x64
		{F758A60E-F1E8-4993-89BD-FE483AE97CCB}.Debug|Windows-x64.Build.0 = Debug|Windows-x64
		{F758A60E-F1E8-4993-89BD-FE483AE97CCB}.Debug|Windows-x64.Deploy.0 = Debug|Windows-x64
		{F758A60E-F1E8-4993-89BD-FE483AE97CCB}.Debug|Windows-x86.ActiveCfg = Debug|Windows-x86
		{F758A60E-F1E8-4993-89BD-FE483AE97CCB}.Debug|Windows-x86.Build.0 = Debug|Windows-x86
		{F758A60E-F1E8-4993-89BD-FE483AE97CCB}.Debug|Windows-x86.Deploy.0 = Debug|Windows-x86
		{F758A60E-F1E8-4993-89BD-FE483AE97CCB}.Distribution|Android.ActiveCfg = Debug|Android
		{F758A60E-F1E8-4993-89BD-FE483AE97CCB}.Distribution|Android.Build.0 = Debug|Android
		{F758A60E-F1E8-4993-89BD-FE483AE97CCB}.Distribution|Android.Deploy.0 = Debug|Android
		{F758A60E-F1E8-4993-89BD-FE483AE97CCB}.Distribution|iOS.ActiveCfg = Debug|iOS
		{F758A60E-F1E8-4993-89BD-FE483AE97CCB}.Distribution|iOS.Build.0 = Debug|iOS
		{F758A60E-F1E8-4993-89BD-FE483AE97CCB}.Distribution|iOS.Deploy.0 = Debug|iOS
		{F758A60E-F1E8-4993-89BD-FE483AE97CCB}.Distribution|Windows Phone.ActiveCfg = Release|Android
		{F758A60E-F1E8-4993-89BD-FE483AE97CCB}.Distribution|Windows Phone.Build.0 = Release|Android
		{F758A60E-F1E8-4993-89BD-FE483AE97CCB}.Distribution|Windows Phone.Deploy.0 = Release|Android
		{F758A60E-F1E8-4993-89BD-FE483AE97CCB}.Distribution|Windows Phone (Universal).ActiveCfg = Debug|Windows Phone (Universal)
		{F758A60E-F1E8-4993-89BD-FE483AE97CCB}.Distribution|Windows Phone (Universal).Build.0 = Debug|Windows Phone (Universal)
		{F758A60E-F1E8-4993-89BD-FE483AE97CCB}.Distribution|Windows Phone (Universal).Deploy.0 = Debug|Windows Phone (Universal)
		{F758A60E-F1E8-4993-89BD-FE483AE97CCB}.Distribution|Windows Phone 8.ActiveCfg = Debug|Windows Phone 8
		{F758A60E-F1E8-4993-89BD-FE483AE97CCB}.Distribution|Windows Phone 8.Build.0 = Debug|Windows Phone 8
		{F758A60E-F1E8-4993-89BD-FE483AE97CCB}.Distribution|Windows Phone 8.Deploy.0 = Debug|Windows Phone 8
		{F758A60E-F1E8-4993-89BD-FE483AE97CCB}.Distribution|Windows-AnyCPU.ActiveCfg = Debug|Windows-AnyCPU
		{F758A60E-F1E8-4993-89BD-FE483AE97CCB}.Distribution|Windows-AnyCPU.Build.0 = Debug|Windows-AnyCPU
		{F758A60E-F1E8-4993-89BD-FE483AE97CCB}.Distribution|Windows-AnyCPU.Deploy.0 = Debug|Windows-AnyCPU
		{F758A60E-F1E8-4993-89BD-FE483AE97CCB}.Distribution|Windows-ARM.ActiveCfg = Debug|Windows-ARM
		{F758A60E-F1E8-4993-89BD-FE483AE97CCB}.Distribution|Windows-ARM.Build.0 = Debug|Windows-ARM
		{F758A60E-F1E8-4993-89BD-FE483AE97CCB}.Distribution|Windows-ARM.Deploy.0 = Debug|Windows-ARM
		{F758A60E-F1E8-4993-89BD-FE483AE97CCB}.Distribution|Windows-x64.ActiveCfg = Debug|Windows-x64
		{F758A60E-F1E8-4993-89BD-FE483AE97CCB}.Distribution|Windows-x64.Build.0 = Debug|Windows-x64
		{F758A60E-F1E8-4993-89BD-FE483AE97CCB}.Distribution|Windows-x64.Deploy.0 = Debug|Windows-x64
		{F758A60E-F1E8-4993-89BD-FE483AE97CCB}.Distribution|Windows-x86.ActiveCfg = Debug|Windows-x86
		{F758A60E-F1E8-4993-89BD-FE483AE97CCB}.Distribution|Windows-x86.Build.0 = Debug|Windows-x86
		{F758A60E-F1E8-4993-89BD-FE483AE97CCB}.Distribution|Windows-x86.Deploy.0 = Debug|Windows-x86
		{F758A60E-F1E8-4993-89BD-FE483AE97CCB}.Release|Android.ActiveCfg = Release|Android
		{F758A60E-F1E8-4993-89BD-FE483AE97CCB}.Release|Android.Build.0 = Release|Android
		{F758A60E-F1E8-4993-89BD-FE483AE97CCB}.Release|Android.Deploy.0 = Release|Android
		{F758A60E-F1E8-4993-89BD-FE483AE97CCB}.Release|iOS.ActiveCfg = Release|iOS
		{F758A60E-F1E8-4993-89BD-FE483AE97CCB}.Release|iOS.Build.0 = Release|iOS
		{F758A60E-F1E8-4993-89BD-FE483AE97CCB}.Release|iOS.Deploy.0 = Release|iOS
		{F758A60E-F1E8-4993-89BD-FE483AE97CCB}.Release|Windows Phone.ActiveCfg = Release|Windows Phone (Universal)
		{F758A60E-F1E8-4993-89BD-FE483AE97CCB}.Release|Windows Phone (Universal).ActiveCfg = Release|Windows Phone (Universal)
		{F758A60E-F1E8-4993-89BD-FE483AE97CCB}.Release|Windows Phone (Universal).Build.0 = Release|Windows Phone (Universal)
		{F758A60E-F1E8-4993-89BD-FE483AE97CCB}.Release|Windows Phone (Universal).Deploy.0 = Release|Windows Phone (Universal)
		{F758A60E-F1E8-4993-89BD-FE483AE97CCB}.Release|Windows Phone 8.ActiveCfg = Release|Windows Phone 8
		{F758A60E-F1E8-4993-89BD-FE483AE97CCB}.Release|Windows Phone 8.Build.0 = Release|Windows Phone 8
		{F758A60E-F1E8-4993-89BD-FE483AE97CCB}.Release|Windows Phone 8.Deploy.0 = Release|Windows Phone 8
		{F758A60E-F1E8-4993-89BD-FE483AE97CCB}.Release|Windows-AnyCPU.ActiveCfg = Release|Windows-AnyCPU
		{F758A60E-F1E8-4993-89BD-FE483AE97CCB}.Release|Windows-AnyCPU.Build.0 = Release|Windows-AnyCPU
		{F758A60E-F1E8-4993-89BD-FE483AE97CCB}.Release|Windows-AnyCPU.Deploy.0 = Release|Windows-AnyCPU
		{F758A60E-F1E8-4993-89BD-FE483AE97CCB}.Release|Windows-ARM.ActiveCfg = Release|Windows-ARM
		{F758A60E-F1E8-4993-89BD-FE483AE97CCB}.Release|Windows-ARM.Build.0 = Release|Windows-ARM
		{F758A60E-F1E8-4993-89BD-FE483AE97CCB}.Release|Windows-ARM.Deploy.0 = Release|Windows-ARM
		{F758A60E-F1E8-4993-89BD-FE483AE97CCB}.Release|Windows-x64.ActiveCfg = Release|Windows-x64
		{F758A60E-F1E8-4993-89BD-FE483AE97CCB}.Release|Windows-x64.Build.0 = Release|Windows-x64
		{F758A60E-F1E8-4993-89BD-FE483AE97CCB}.Release|Windows-x64.Deploy.0 = Release|Windows-x64
		{F758A60E-F1E8-4993-89BD-FE483AE97CCB}.Release|Windows-x86.ActiveCfg = Release|Windows-x86
		{F758A60E-F1E8-4993-89BD-FE483AE97CCB}.Release|Windows-x86.Build.0 = Release|Windows-x86
		{F758A60E-F1E8-4993-89BD-FE483AE97CCB}.Release|Windows-x86.Deploy.0 = Release|Windows-x86
	EndGlobalSection
	GlobalSection(SolutionProperties) = preSolution
		HideSolutionNode = FALSE
	EndGlobalSection
EndGlobal
